
Microsoft Visual Studio Solution File, Format Version 11.00
# Visual C++ Express 2010
Project("{8BC9CEB8-8B4A-11D0-8D11-00A0C91BC942}") = "RPG", "RPG\RPG.vcxproj", "{02C3F757-F652-4E5B-BCEF-BBF520C6F12E}"
EndProject
Global
	GlobalSection(SolutionConfigurationPlatforms) = preSolution
		Debug|Win32 = Debug|Win32
		Release|Win32 = Release|Win32
	EndGlobalSection
	GlobalSection(ProjectConfigurationPlatforms) = postSolution
		{02C3F757-F652-4E5B-BCEF-BBF520C6F12E}.Debug|Win32.ActiveCfg = Debug|Win32
		{02C3F757-F652-4E5B-BCEF-BBF520C6F12E}.Debug|Win32.Build.0 = Debug|Win32
		{02C3F757-F652-4E5B-BCEF-BBF520C6F12E}.Release|Win32.ActiveCfg = Release|Win32
		{02C3F757-F652-4E5B-BCEF-BBF520C6F12E}.Release|Win32.Build.0 = Release|Win32
	EndGlobalSection
	GlobalSection(SolutionProperties) = preSolution
		HideSolutionNode = FALSE
	EndGlobalSection
EndGlobal
